// !$*UTF8*$!
{
	archiveVersion = 1;
	classes = {
	};
	objectVersion = 56;
	objects = {

/* Begin PBXBuildFile section */
		E18D498A2B92277700D79025 /* AppDelegate.swift in Sources */ = {isa = PBXBuildFile; fileRef = E18D49892B92277700D79025 /* AppDelegate.swift */; };
		E18D498C2B92277700D79025 /* SceneDelegate.swift in Sources */ = {isa = PBXBuildFile; fileRef = E18D498B2B92277700D79025 /* SceneDelegate.swift */; };
		E18D498E2B92277700D79025 /* ViewController.swift in Sources */ = {isa = PBXBuildFile; fileRef = E18D498D2B92277700D79025 /* ViewController.swift */; };
		E18D49932B92277A00D79025 /* Assets.xcassets in Resources */ = {isa = PBXBuildFile; fileRef = E18D49922B92277A00D79025 /* Assets.xcassets */; };
		E18D499E2B92332300D79025 /* README.md in Resources */ = {isa = PBXBuildFile; fileRef = E18D499D2B92332300D79025 /* README.md */; };
		E18D49A42B9236C400D79025 /* BackgroundView.swift in Sources */ = {isa = PBXBuildFile; fileRef = E18D49A32B9236C400D79025 /* BackgroundView.swift */; };
		E18D49A92B92538D00D79025 /* network.jpg in Resources */ = {isa = PBXBuildFile; fileRef = E18D49A82B92538D00D79025 /* network.jpg */; };
		E18D49AB2B929F0B00D79025 /* Localizable.xcstrings in Resources */ = {isa = PBXBuildFile; fileRef = E18D49AA2B929F0B00D79025 /* Localizable.xcstrings */; };
		E18D49B02B929F9B00D79025 /* LaunchScreen.storyboard in Resources */ = {isa = PBXBuildFile; fileRef = E18D49B12B929F9B00D79025 /* LaunchScreen.storyboard */; };
		E18D49B22B929FAD00D79025 /* Main.storyboard in Resources */ = {isa = PBXBuildFile; fileRef = E18D49B32B929FAD00D79025 /* Main.storyboard */; };
		E18D49B52B92A19100D79025 /* ProgressView.swift in Sources */ = {isa = PBXBuildFile; fileRef = E18D49B42B92A19100D79025 /* ProgressView.swift */; };
		E18D49BA2B92A71B00D79025 /* HealthJourney.swift in Sources */ = {isa = PBXBuildFile; fileRef = E18D49B92B92A71B00D79025 /* HealthJourney.swift */; };
		E19608C32B93022200DEF089 /* ProgressBar.swift in Sources */ = {isa = PBXBuildFile; fileRef = E19608C22B93022200DEF089 /* ProgressBar.swift */; };
		E19608C62B93060C00DEF089 /* HealthJourney.storyboard in Resources */ = {isa = PBXBuildFile; fileRef = E19608C52B93060C00DEF089 /* HealthJourney.storyboard */; };
		E19608C92B93062200DEF089 /* EventDetailed.swift in Sources */ = {isa = PBXBuildFile; fileRef = E19608C72B93062200DEF089 /* EventDetailed.swift */; };
		E19608CA2B93062200DEF089 /* EventDetailed.storyboard in Resources */ = {isa = PBXBuildFile; fileRef = E19608C82B93062200DEF089 /* EventDetailed.storyboard */; };
		E19608CD2B9308DA00DEF089 /* UserData.swift in Sources */ = {isa = PBXBuildFile; fileRef = E19608CC2B9308DA00DEF089 /* UserData.swift */; };
		E19608D12B9313FC00DEF089 /* EventView.swift in Sources */ = {isa = PBXBuildFile; fileRef = E19608D02B9313FC00DEF089 /* EventView.swift */; };
		E19608D32B93192E00DEF089 /* User.json in Resources */ = {isa = PBXBuildFile; fileRef = E19608D22B93192E00DEF089 /* User.json */; };
/* End PBXBuildFile section */

/* Begin PBXFileReference section */
		E18D49862B92277700D79025 /* SureTravel-iOS.app */ = {isa = PBXFileReference; explicitFileType = wrapper.application; includeInIndex = 0; path = "SureTravel-iOS.app"; sourceTree = BUILT_PRODUCTS_DIR; };
		E18D49892B92277700D79025 /* AppDelegate.swift */ = {isa = PBXFileReference; lastKnownFileType = sourcecode.swift; path = AppDelegate.swift; sourceTree = "<group>"; };
		E18D498B2B92277700D79025 /* SceneDelegate.swift */ = {isa = PBXFileReference; lastKnownFileType = sourcecode.swift; path = SceneDelegate.swift; sourceTree = "<group>"; };
		E18D498D2B92277700D79025 /* ViewController.swift */ = {isa = PBXFileReference; lastKnownFileType = sourcecode.swift; path = ViewController.swift; sourceTree = "<group>"; };
		E18D49922B92277A00D79025 /* Assets.xcassets */ = {isa = PBXFileReference; lastKnownFileType = folder.assetcatalog; path = Assets.xcassets; sourceTree = "<group>"; };
		E18D49972B92277A00D79025 /* Info.plist */ = {isa = PBXFileReference; lastKnownFileType = text.plist.xml; path = Info.plist; sourceTree = "<group>"; };
		E18D499D2B92332300D79025 /* README.md */ = {isa = PBXFileReference; fileEncoding = 4; lastKnownFileType = net.daringfireball.markdown; path = README.md; sourceTree = "<group>"; };
		E18D49A32B9236C400D79025 /* BackgroundView.swift */ = {isa = PBXFileReference; lastKnownFileType = sourcecode.swift; path = BackgroundView.swift; sourceTree = "<group>"; };
		E18D49A82B92538D00D79025 /* network.jpg */ = {isa = PBXFileReference; lastKnownFileType = image.jpeg; path = network.jpg; sourceTree = "<group>"; };
		E18D49AA2B929F0B00D79025 /* Localizable.xcstrings */ = {isa = PBXFileReference; lastKnownFileType = text.json.xcstrings; path = Localizable.xcstrings; sourceTree = "<group>"; };
		E18D49B12B929F9B00D79025 /* LaunchScreen.storyboard */ = {isa = PBXFileReference; lastKnownFileType = file.storyboard; path = LaunchScreen.storyboard; sourceTree = "<group>"; };
		E18D49B32B929FAD00D79025 /* Main.storyboard */ = {isa = PBXFileReference; lastKnownFileType = file.storyboard; path = Main.storyboard; sourceTree = "<group>"; };
		E18D49B42B92A19100D79025 /* ProgressView.swift */ = {isa = PBXFileReference; lastKnownFileType = sourcecode.swift; path = ProgressView.swift; sourceTree = "<group>"; };
		E18D49B92B92A71B00D79025 /* HealthJourney.swift */ = {isa = PBXFileReference; lastKnownFileType = sourcecode.swift; path = HealthJourney.swift; sourceTree = "<group>"; };
		E19608C22B93022200DEF089 /* ProgressBar.swift */ = {isa = PBXFileReference; lastKnownFileType = sourcecode.swift; path = ProgressBar.swift; sourceTree = "<group>"; };
		E19608C52B93060C00DEF089 /* HealthJourney.storyboard */ = {isa = PBXFileReference; fileEncoding = 4; lastKnownFileType = file.storyboard; path = HealthJourney.storyboard; sourceTree = "<group>"; };
		E19608C72B93062200DEF089 /* EventDetailed.swift */ = {isa = PBXFileReference; fileEncoding = 4; lastKnownFileType = sourcecode.swift; path = EventDetailed.swift; sourceTree = "<group>"; };
		E19608C82B93062200DEF089 /* EventDetailed.storyboard */ = {isa = PBXFileReference; fileEncoding = 4; lastKnownFileType = file.storyboard; path = EventDetailed.storyboard; sourceTree = "<group>"; };
		E19608CC2B9308DA00DEF089 /* UserData.swift */ = {isa = PBXFileReference; lastKnownFileType = sourcecode.swift; path = UserData.swift; sourceTree = "<group>"; };
		E19608D02B9313FC00DEF089 /* EventView.swift */ = {isa = PBXFileReference; lastKnownFileType = sourcecode.swift; path = EventView.swift; sourceTree = "<group>"; };
		E19608D22B93192E00DEF089 /* User.json */ = {isa = PBXFileReference; fileEncoding = 4; lastKnownFileType = text.json; path = User.json; sourceTree = "<group>"; };
/* End PBXFileReference section */

/* Begin PBXFrameworksBuildPhase section */
		E18D49832B92277700D79025 /* Frameworks */ = {
			isa = PBXFrameworksBuildPhase;
			buildActionMask = 2147483647;
			files = (
			);
			runOnlyForDeploymentPostprocessing = 0;
		};
/* End PBXFrameworksBuildPhase section */

/* Begin PBXGroup section */
		E18D497D2B92277700D79025 = {
			isa = PBXGroup;
			children = (
				E18D499D2B92332300D79025 /* README.md */,
				E18D49882B92277700D79025 /* SureTravel-iOS */,
				E18D49872B92277700D79025 /* Products */,
			);
			sourceTree = "<group>";
		};
		E18D49872B92277700D79025 /* Products */ = {
			isa = PBXGroup;
			children = (
				E18D49862B92277700D79025 /* SureTravel-iOS.app */,
			);
			name = Products;
			sourceTree = "<group>";
		};
		E18D49882B92277700D79025 /* SureTravel-iOS */ = {
			isa = PBXGroup;
			children = (
				E19608CE2B93123800DEF089 /* Supporting Files */,
				E18D49A22B9236B400D79025 /* View */,
				E19608CB2B9308B800DEF089 /* Logic */,
				E18D49892B92277700D79025 /* AppDelegate.swift */,
				E18D498B2B92277700D79025 /* SceneDelegate.swift */,
				E18D498D2B92277700D79025 /* ViewController.swift */,
				E18D49B32B929FAD00D79025 /* Main.storyboard */,
				E18D49B12B929F9B00D79025 /* LaunchScreen.storyboard */,
				E18D49972B92277A00D79025 /* Info.plist */,
			);
			path = "SureTravel-iOS";
			sourceTree = "<group>";
		};
		E18D49A22B9236B400D79025 /* View */ = {
			isa = PBXGroup;
			children = (
				E19608CF2B93136D00DEF089 /* MainScene */,
				E19608C42B93056200DEF089 /* NetworkingScene */,
				E18D49B62B92A6EB00D79025 /* HealthJourneyScene */,
				E18D49A32B9236C400D79025 /* BackgroundView.swift */,
				E19608C22B93022200DEF089 /* ProgressBar.swift */,
			);
			path = View;
			sourceTree = "<group>";
		};
		E18D49A72B92537A00D79025 /* Resources */ = {
			isa = PBXGroup;
			children = (
				E18D49A82B92538D00D79025 /* network.jpg */,
			);
			path = Resources;
			sourceTree = "<group>";
		};
		E18D49B62B92A6EB00D79025 /* HealthJourneyScene */ = {
			isa = PBXGroup;
			children = (
				E19608C52B93060C00DEF089 /* HealthJourney.storyboard */,
				E18D49B92B92A71B00D79025 /* HealthJourney.swift */,
			);
			path = HealthJourneyScene;
			sourceTree = "<group>";
		};
		E19608C42B93056200DEF089 /* NetworkingScene */ = {
			isa = PBXGroup;
			children = (
				E19608C82B93062200DEF089 /* EventDetailed.storyboard */,
				E19608C72B93062200DEF089 /* EventDetailed.swift */,
			);
			path = NetworkingScene;
			sourceTree = "<group>";
		};
		E19608CB2B9308B800DEF089 /* Logic */ = {
			isa = PBXGroup;
			children = (
				E19608CC2B9308DA00DEF089 /* UserData.swift */,
			);
			path = Logic;
			sourceTree = "<group>";
		};
		E19608CE2B93123800DEF089 /* Supporting Files */ = {
			isa = PBXGroup;
			children = (
				E18D49A72B92537A00D79025 /* Resources */,
				E18D49922B92277A00D79025 /* Assets.xcassets */,
				E19608D22B93192E00DEF089 /* User.json */,
				E18D49AA2B929F0B00D79025 /* Localizable.xcstrings */,
			);
			path = "Supporting Files";
			sourceTree = "<group>";
		};
		E19608CF2B93136D00DEF089 /* MainScene */ = {
			isa = PBXGroup;
			children = (
				E18D49B42B92A19100D79025 /* ProgressView.swift */,
				E19608D02B9313FC00DEF089 /* EventView.swift */,
			);
			path = MainScene;
			sourceTree = "<group>";
		};
/* End PBXGroup section */

/* Begin PBXNativeTarget section */
		E18D49852B92277700D79025 /* SureTravel-iOS */ = {
			isa = PBXNativeTarget;
			buildConfigurationList = E18D499A2B92277A00D79025 /* Build configuration list for PBXNativeTarget "SureTravel-iOS" */;
			buildPhases = (
				E18D49822B92277700D79025 /* Sources */,
				E18D49832B92277700D79025 /* Frameworks */,
				E18D49842B92277700D79025 /* Resources */,
			);
			buildRules = (
			);
			dependencies = (
			);
			name = "SureTravel-iOS";
			productName = "SureTravel-iOS";
			productReference = E18D49862B92277700D79025 /* SureTravel-iOS.app */;
			productType = "com.apple.product-type.application";
		};
/* End PBXNativeTarget section */

/* Begin PBXProject section */
		E18D497E2B92277700D79025 /* Project object */ = {
			isa = PBXProject;
			attributes = {
				BuildIndependentTargetsInParallel = 1;
				LastSwiftUpdateCheck = 1520;
				LastUpgradeCheck = 1520;
				TargetAttributes = {
					E18D49852B92277700D79025 = {
						CreatedOnToolsVersion = 15.2;
					};
				};
			};
			buildConfigurationList = E18D49812B92277700D79025 /* Build configuration list for PBXProject "SureTravel-iOS" */;
			compatibilityVersion = "Xcode 14.0";
			developmentRegion = en;
			hasScannedForEncodings = 0;
			knownRegions = (
				en,
				Base,
				"az-AZ",
				ru,
			);
			mainGroup = E18D497D2B92277700D79025;
			productRefGroup = E18D49872B92277700D79025 /* Products */;
			projectDirPath = "";
			projectRoot = "";
			targets = (
				E18D49852B92277700D79025 /* SureTravel-iOS */,
			);
		};
/* End PBXProject section */

/* Begin PBXResourcesBuildPhase section */
		E18D49842B92277700D79025 /* Resources */ = {
			isa = PBXResourcesBuildPhase;
			buildActionMask = 2147483647;
			files = (
				E18D49B02B929F9B00D79025 /* LaunchScreen.storyboard in Resources */,
				E19608CA2B93062200DEF089 /* EventDetailed.storyboard in Resources */,
				E18D49932B92277A00D79025 /* Assets.xcassets in Resources */,
				E18D49AB2B929F0B00D79025 /* Localizable.xcstrings in Resources */,
				E18D499E2B92332300D79025 /* README.md in Resources */,
				E19608C62B93060C00DEF089 /* HealthJourney.storyboard in Resources */,
				E19608D32B93192E00DEF089 /* User.json in Resources */,
				E18D49B22B929FAD00D79025 /* Main.storyboard in Resources */,
				E18D49A92B92538D00D79025 /* network.jpg in Resources */,
			);
			runOnlyForDeploymentPostprocessing = 0;
		};
/* End PBXResourcesBuildPhase section */

/* Begin PBXSourcesBuildPhase section */
		E18D49822B92277700D79025 /* Sources */ = {
			isa = PBXSourcesBuildPhase;
			buildActionMask = 2147483647;
			files = (
				E19608C92B93062200DEF089 /* EventDetailed.swift in Sources */,
				E18D49BA2B92A71B00D79025 /* HealthJourney.swift in Sources */,
				E18D49A42B9236C400D79025 /* BackgroundView.swift in Sources */,
				E18D498E2B92277700D79025 /* ViewController.swift in Sources */,
				E18D49B52B92A19100D79025 /* ProgressView.swift in Sources */,
				E18D498A2B92277700D79025 /* AppDelegate.swift in Sources */,
				E18D498C2B92277700D79025 /* SceneDelegate.swift in Sources */,
				E19608CD2B9308DA00DEF089 /* UserData.swift in Sources */,
				E19608C32B93022200DEF089 /* ProgressBar.swift in Sources */,
				E19608D12B9313FC00DEF089 /* EventView.swift in Sources */,
			);
			runOnlyForDeploymentPostprocessing = 0;
		};
/* End PBXSourcesBuildPhase section */

/* Begin XCBuildConfiguration section */
		E18D49982B92277A00D79025 /* Debug */ = {
			isa = XCBuildConfiguration;
			buildSettings = {
				ALWAYS_SEARCH_USER_PATHS = NO;
				ASSETCATALOG_COMPILER_GENERATE_SWIFT_ASSET_SYMBOL_EXTENSIONS = YES;
				CLANG_ANALYZER_LOCALIZABILITY_NONLOCALIZED = YES;
				CLANG_ANALYZER_NONNULL = YES;
				CLANG_ANALYZER_NUMBER_OBJECT_CONVERSION = YES_AGGRESSIVE;
				CLANG_CXX_LANGUAGE_STANDARD = "gnu++20";
				CLANG_ENABLE_MODULES = YES;
				CLANG_ENABLE_OBJC_ARC = YES;
				CLANG_ENABLE_OBJC_WEAK = YES;
				CLANG_WARN_BLOCK_CAPTURE_AUTORELEASING = YES;
				CLANG_WARN_BOOL_CONVERSION = YES;
				CLANG_WARN_COMMA = YES;
				CLANG_WARN_CONSTANT_CONVERSION = YES;
				CLANG_WARN_DEPRECATED_OBJC_IMPLEMENTATIONS = YES;
				CLANG_WARN_DIRECT_OBJC_ISA_USAGE = YES_ERROR;
				CLANG_WARN_DOCUMENTATION_COMMENTS = YES;
				CLANG_WARN_EMPTY_BODY = YES;
				CLANG_WARN_ENUM_CONVERSION = YES;
				CLANG_WARN_INFINITE_RECURSION = YES;
				CLANG_WARN_INT_CONVERSION = YES;
				CLANG_WARN_NON_LITERAL_NULL_CONVERSION = YES;
				CLANG_WARN_OBJC_IMPLICIT_RETAIN_SELF = YES;
				CLANG_WARN_OBJC_LITERAL_CONVERSION = YES;
				CLANG_WARN_OBJC_ROOT_CLASS = YES_ERROR;
				CLANG_WARN_QUOTED_INCLUDE_IN_FRAMEWORK_HEADER = YES;
				CLANG_WARN_RANGE_LOOP_ANALYSIS = YES;
				CLANG_WARN_STRICT_PROTOTYPES = YES;
				CLANG_WARN_SUSPICIOUS_MOVE = YES;
				CLANG_WARN_UNGUARDED_AVAILABILITY = YES_AGGRESSIVE;
				CLANG_WARN_UNREACHABLE_CODE = YES;
				CLANG_WARN__DUPLICATE_METHOD_MATCH = YES;
				COPY_PHASE_STRIP = NO;
				DEBUG_INFORMATION_FORMAT = dwarf;
				ENABLE_STRICT_OBJC_MSGSEND = YES;
				ENABLE_TESTABILITY = YES;
				ENABLE_USER_SCRIPT_SANDBOXING = YES;
				GCC_C_LANGUAGE_STANDARD = gnu17;
				GCC_DYNAMIC_NO_PIC = NO;
				GCC_NO_COMMON_BLOCKS = YES;
				GCC_OPTIMIZATION_LEVEL = 0;
				GCC_PREPROCESSOR_DEFINITIONS = (
					"DEBUG=1",
					"$(inherited)",
				);
				GCC_WARN_64_TO_32_BIT_CONVERSION = YES;
				GCC_WARN_ABOUT_RETURN_TYPE = YES_ERROR;
				GCC_WARN_UNDECLARED_SELECTOR = YES;
				GCC_WARN_UNINITIALIZED_AUTOS = YES_AGGRESSIVE;
				GCC_WARN_UNUSED_FUNCTION = YES;
				GCC_WARN_UNUSED_VARIABLE = YES;
				IPHONEOS_DEPLOYMENT_TARGET = 17.2;
				LOCALIZATION_PREFERS_STRING_CATALOGS = YES;
				MTL_ENABLE_DEBUG_INFO = INCLUDE_SOURCE;
				MTL_FAST_MATH = YES;
				ONLY_ACTIVE_ARCH = YES;
				SDKROOT = iphoneos;
				SWIFT_ACTIVE_COMPILATION_CONDITIONS = "DEBUG $(inherited)";
				SWIFT_OPTIMIZATION_LEVEL = "-Onone";
			};
			name = Debug;
		};
		E18D49992B92277A00D79025 /* Release */ = {
			isa = XCBuildConfiguration;
			buildSettings = {
				ALWAYS_SEARCH_USER_PATHS = NO;
				ASSETCATALOG_COMPILER_GENERATE_SWIFT_ASSET_SYMBOL_EXTENSIONS = YES;
				CLANG_ANALYZER_LOCALIZABILITY_NONLOCALIZED = YES;
				CLANG_ANALYZER_NONNULL = YES;
				CLANG_ANALYZER_NUMBER_OBJECT_CONVERSION = YES_AGGRESSIVE;
				CLANG_CXX_LANGUAGE_STANDARD = "gnu++20";
				CLANG_ENABLE_MODULES = YES;
				CLANG_ENABLE_OBJC_ARC = YES;
				CLANG_ENABLE_OBJC_WEAK = YES;
				CLANG_WARN_BLOCK_CAPTURE_AUTORELEASING = YES;
				CLANG_WARN_BOOL_CONVERSION = YES;
				CLANG_WARN_COMMA = YES;
				CLANG_WARN_CONSTANT_CONVERSION = YES;
				CLANG_WARN_DEPRECATED_OBJC_IMPLEMENTATIONS = YES;
				CLANG_WARN_DIRECT_OBJC_ISA_USAGE = YES_ERROR;
				CLANG_WARN_DOCUMENTATION_COMMENTS = YES;
				CLANG_WARN_EMPTY_BODY = YES;
				CLANG_WARN_ENUM_CONVERSION = YES;
				CLANG_WARN_INFINITE_RECURSION = YES;
				CLANG_WARN_INT_CONVERSION = YES;
				CLANG_WARN_NON_LITERAL_NULL_CONVERSION = YES;
				CLANG_WARN_OBJC_IMPLICIT_RETAIN_SELF = YES;
				CLANG_WARN_OBJC_LITERAL_CONVERSION = YES;
				CLANG_WARN_OBJC_ROOT_CLASS = YES_ERROR;
				CLANG_WARN_QUOTED_INCLUDE_IN_FRAMEWORK_HEADER = YES;
				CLANG_WARN_RANGE_LOOP_ANALYSIS = YES;
				CLANG_WARN_STRICT_PROTOTYPES = YES;
				CLANG_WARN_SUSPICIOUS_MOVE = YES;
				CLANG_WARN_UNGUARDED_AVAILABILITY = YES_AGGRESSIVE;
				CLANG_WARN_UNREACHABLE_CODE = YES;
				CLANG_WARN__DUPLICATE_METHOD_MATCH = YES;
				COPY_PHASE_STRIP = NO;
				DEBUG_INFORMATION_FORMAT = "dwarf-with-dsym";
				ENABLE_NS_ASSERTIONS = NO;
				ENABLE_STRICT_OBJC_MSGSEND = YES;
				ENABLE_USER_SCRIPT_SANDBOXING = YES;
				GCC_C_LANGUAGE_STANDARD = gnu17;
				GCC_NO_COMMON_BLOCKS = YES;
				GCC_WARN_64_TO_32_BIT_CONVERSION = YES;
				GCC_WARN_ABOUT_RETURN_TYPE = YES_ERROR;
				GCC_WARN_UNDECLARED_SELECTOR = YES;
				GCC_WARN_UNINITIALIZED_AUTOS = YES_AGGRESSIVE;
				GCC_WARN_UNUSED_FUNCTION = YES;
				GCC_WARN_UNUSED_VARIABLE = YES;
				IPHONEOS_DEPLOYMENT_TARGET = 17.2;
				LOCALIZATION_PREFERS_STRING_CATALOGS = YES;
				MTL_ENABLE_DEBUG_INFO = NO;
				MTL_FAST_MATH = YES;
				SDKROOT = iphoneos;
				SWIFT_COMPILATION_MODE = wholemodule;
				VALIDATE_PRODUCT = YES;
			};
			name = Release;
		};
		E18D499B2B92277A00D79025 /* Debug */ = {
			isa = XCBuildConfiguration;
			buildSettings = {
				ASSETCATALOG_COMPILER_APPICON_NAME = AppIcon;
				ASSETCATALOG_COMPILER_GLOBAL_ACCENT_COLOR_NAME = AccentColor;
				CODE_SIGN_STYLE = Automatic;
				CURRENT_PROJECT_VERSION = 1;
				DEVELOPMENT_TEAM = 47KJQ6SWY2;
				GENERATE_INFOPLIST_FILE = YES;
				INFOPLIST_FILE = "SureTravel-iOS/Info.plist";
				INFOPLIST_KEY_UIApplicationSupportsIndirectInputEvents = YES;
				INFOPLIST_KEY_UILaunchStoryboardName = LaunchScreen;
				INFOPLIST_KEY_UIMainStoryboardFile = Main;
				INFOPLIST_KEY_UISupportedInterfaceOrientations_iPad = "UIInterfaceOrientationPortrait UIInterfaceOrientationPortraitUpsideDown UIInterfaceOrientationLandscapeLeft UIInterfaceOrientationLandscapeRight";
				INFOPLIST_KEY_UISupportedInterfaceOrientations_iPhone = "UIInterfaceOrientationPortrait UIInterfaceOrientationLandscapeLeft UIInterfaceOrientationLandscapeRight";
				IPHONEOS_DEPLOYMENT_TARGET = 15.0;
				LD_RUNPATH_SEARCH_PATHS = (
					"$(inherited)",
					"@executable_path/Frameworks",
				);
				MARKETING_VERSION = 1.0;
				PRODUCT_BUNDLE_IDENTIFIER = "com.pathfinders.SureTravel-iOS";
				PRODUCT_NAME = "$(TARGET_NAME)";
				SWIFT_EMIT_LOC_STRINGS = YES;
				SWIFT_VERSION = 5.0;
				TARGETED_DEVICE_FAMILY = "1,2";
			};
			name = Debug;
		};
		E18D499C2B92277A00D79025 /* Release */ = {
			isa = XCBuildConfiguration;
			buildSettings = {
				ASSETCATALOG_COMPILER_APPICON_NAME = AppIcon;
				ASSETCATALOG_COMPILER_GLOBAL_ACCENT_COLOR_NAME = AccentColor;
				CODE_SIGN_STYLE = Automatic;
				CURRENT_PROJECT_VERSION = 1;
				DEVELOPMENT_TEAM = 47KJQ6SWY2;
				GENERATE_INFOPLIST_FILE = YES;
				INFOPLIST_FILE = "SureTravel-iOS/Info.plist";
				INFOPLIST_KEY_UIApplicationSupportsIndirectInputEvents = YES;
				INFOPLIST_KEY_UILaunchStoryboardName = LaunchScreen;
				INFOPLIST_KEY_UIMainStoryboardFile = Main;
				INFOPLIST_KEY_UISupportedInterfaceOrientations_iPad = "UIInterfaceOrientationPortrait UIInterfaceOrientationPortraitUpsideDown UIInterfaceOrientationLandscapeLeft UIInterfaceOrientationLandscapeRight";
				INFOPLIST_KEY_UISupportedInterfaceOrientations_iPhone = "UIInterfaceOrientationPortrait UIInterfaceOrientationLandscapeLeft UIInterfaceOrientationLandscapeRight";
				IPHONEOS_DEPLOYMENT_TARGET = 15.0;
				LD_RUNPATH_SEARCH_PATHS = (
					"$(inherited)",
					"@executable_path/Frameworks",
				);
				MARKETING_VERSION = 1.0;
				PRODUCT_BUNDLE_IDENTIFIER = "com.pathfinders.SureTravel-iOS";
				PRODUCT_NAME = "$(TARGET_NAME)";
				SWIFT_EMIT_LOC_STRINGS = YES;
				SWIFT_VERSION = 5.0;
				TARGETED_DEVICE_FAMILY = "1,2";
			};
			name = Release;
		};
/* End XCBuildConfiguration section */

/* Begin XCConfigurationList section */
		E18D49812B92277700D79025 /* Build configuration list for PBXProject "SureTravel-iOS" */ = {
			isa = XCConfigurationList;
			buildConfigurations = (
				E18D49982B92277A00D79025 /* Debug */,
				E18D49992B92277A00D79025 /* Release */,
			);
			defaultConfigurationIsVisible = 0;
			defaultConfigurationName = Release;
		};
		E18D499A2B92277A00D79025 /* Build configuration list for PBXNativeTarget "SureTravel-iOS" */ = {
			isa = XCConfigurationList;
			buildConfigurations = (
				E18D499B2B92277A00D79025 /* Debug */,
				E18D499C2B92277A00D79025 /* Release */,
			);
			defaultConfigurationIsVisible = 0;
			defaultConfigurationName = Release;
		};
/* End XCConfigurationList section */
	};
	rootObject = E18D497E2B92277700D79025 /* Project object */;
}
